{
  "name": "topggbotvoter",
  "version": "1.0.0",
  "lockfileVersion": 2,
  "requires": true,
  "packages": {
    "": {
      "name": "topggbotvoter",
      "version": "1.0.0",
      "license": "MIT",
      "dependencies": {
        "ghost-cursor": "^1.1.16",
        "typescript": "^4.8.4"
      }
    },
    "node_modules/@types/bezier-js": {
      "version": "4.1.0",
      "resolved": "https://registry.npmjs.org/@types/bezier-js/-/bezier-js-4.1.0.tgz",
      "integrity": "sha512-ElU16s8E6Pr6magp8ihwH1O8pbUJASbMND/qgUc9RsLmP3lMLHiDMRXdjtaObwW5GPtOVYOsXDUIhTIluT+yaw=="
    },
    "node_modules/bezier-js": {
      "version": "6.1.0",
      "resolved": "https://registry.npmjs.org/bezier-js/-/bezier-js-6.1.0.tgz",
      "integrity": "sha512-oc8fkHqG0R+dQuNiXVbPMB0cc8iDqkLAjbA2gq26QmV8tZqW9GGI7iNEX1ioRWlZperQS7v5BX03+9FLVWZbSw==",
      "funding": {
        "type": "individual",
        "url": "https://github.com/Pomax/bezierjs/blob/master/FUNDING.md"
      }
    },
    "node_modules/ghost-cursor": {
      "version": "1.1.16",
      "resolved": "https://registry.npmjs.org/ghost-cursor/-/ghost-cursor-1.1.16.tgz",
      "integrity": "sha512-C2+U2/IYrbJmSRkhUaEsrhiZC/a/BB8qdApEMWBbhc10D5V7VA4AuA53W/XhBXENFWucavq07R5skB7T84vqyA==",
      "dependencies": {
        "@types/bezier-js": "4",
        "bezier-js": "^6"
      }
    },
    "node_modules/typescript": {
      "version": "4.8.4",
      "resolved": "https://registry.npmjs.org/typescript/-/typescript-4.8.4.tgz",
      "integrity": "sha512-QCh+85mCy+h0IGff8r5XWzOVSbBO+KfeYrMQh7NJ58QujwcE22u+NUSmUxqF+un70P9GXKxa2HCNiTTMJknyjQ==",
      "bin": {
        "tsc": "bin/tsc",
        "tsserver": "bin/tsserver"
      },
      "engines": {
        "node": ">=4.2.0"
      }
    }
  },
  "dependencies": {
    "@types/bezier-js": {
      "version": "4.1.0",
      "resolved": "https://registry.npmjs.org/@types/bezier-js/-/bezier-js-4.1.0.tgz",
      "integrity": "sha512-ElU16s8E6Pr6magp8ihwH1O8pbUJASbMND/qgUc9RsLmP3lMLHiDMRXdjtaObwW5GPtOVYOsXDUIhTIluT+yaw=="
    },
    "bezier-js": {
      "version": "6.1.0",
      "resolved": "https://registry.npmjs.org/bezier-js/-/bezier-js-6.1.0.tgz",
      "integrity": "sha512-oc8fkHqG0R+dQuNiXVbPMB0cc8iDqkLAjbA2gq26QmV8tZqW9GGI7iNEX1ioRWlZperQS7v5BX03+9FLVWZbSw=="
    },
    "ghost-cursor": {
      "version": "1.1.16",
      "resolved": "https://registry.npmjs.org/ghost-cursor/-/ghost-cursor-1.1.16.tgz",
      "integrity": "sha512-C2+U2/IYrbJmSRkhUaEsrhiZC/a/BB8qdApEMWBbhc10D5V7VA4AuA53W/XhBXENFWucavq07R5skB7T84vqyA==",
      "requires": {
        "@types/bezier-js": "4",
        "bezier-js": "^6"
      }
    },
    "typescript": {
      "version": "4.8.4",
      "resolved": "https://registry.npmjs.org/typescript/-/typescript-4.8.4.tgz",
      "integrity": "sha512-QCh+85mCy+h0IGff8r5XWzOVSbBO+KfeYrMQh7NJ58QujwcE22u+NUSmUxqF+un70P9GXKxa2HCNiTTMJknyjQ=="
    }
  }
}
